
Microsoft Visual Studio Solution File, Format Version 12.00
# Visual Studio 15
VisualStudioVersion = 15.0.27703.2035
MinimumVisualStudioVersion = 10.0.40219.1
Project("{E24C65DC-7377-472B-9ABA-BC803B73C61A}") = "jsx-template", ".", "{B3189171-0A7F-4944-A7BB-19DA54705AE5}"
	ProjectSection(WebsiteProperties) = preProject
		TargetFrameworkMoniker = ".NETFramework,Version%3Dv4.0"
		Debug.AspNetCompiler.VirtualPath = "/localhost_52150"
		Debug.AspNetCompiler.PhysicalPath = "E:\_git\PrototypingCore\standalone\jsx-template\"
		Debug.AspNetCompiler.TargetPath = "PrecompiledWeb\localhost_52150\"
		Debug.AspNetCompiler.Updateable = "true"
		Debug.AspNetCompiler.ForceOverwrite = "true"
		Debug.AspNetCompiler.FixedNames = "false"
		Debug.AspNetCompiler.Debug = "True"
		Release.AspNetCompiler.VirtualPath = "/localhost_52150"
		Release.AspNetCompiler.PhysicalPath = "E:\_git\PrototypingCore\standalone\jsx-template\"
		Release.AspNetCompiler.TargetPath = "PrecompiledWeb\localhost_52150\"
		Release.AspNetCompiler.Updateable = "true"
		Release.AspNetCompiler.ForceOverwrite = "true"
		Release.AspNetCompiler.FixedNames = "false"
		Release.AspNetCompiler.Debug = "False"
		VWDPort = "52150"
	EndProjectSection
EndProject
Global
	GlobalSection(SolutionConfigurationPlatforms) = preSolution
		Debug|Any CPU = Debug|Any CPU
	EndGlobalSection
	GlobalSection(ProjectConfigurationPlatforms) = postSolution
		{B3189171-0A7F-4944-A7BB-19DA54705AE5}.Debug|Any CPU.ActiveCfg = Debug|Any CPU
		{B3189171-0A7F-4944-A7BB-19DA54705AE5}.Debug|Any CPU.Build.0 = Debug|Any CPU
	EndGlobalSection
	GlobalSection(SolutionProperties) = preSolution
		HideSolutionNode = FALSE
	EndGlobalSection
	GlobalSection(ExtensibilityGlobals) = postSolution
		SolutionGuid = {D886AA71-A01C-4C50-9A43-E60BBF719865}
	EndGlobalSection
EndGlobal
