
Microsoft Visual Studio Solution File, Format Version 12.00
# Visual Studio 15
VisualStudioVersion = 15.0.28307.136
MinimumVisualStudioVersion = 10.0.40219.1
Project("{E24C65DC-7377-472B-9ABA-BC803B73C61A}") = "template", ".", "{1CE28955-AB47-4191-A055-C99AD5A84744}"
	ProjectSection(WebsiteProperties) = preProject
		TargetFrameworkMoniker = ".NETFramework,Version%3Dv4.0"
		Debug.AspNetCompiler.VirtualPath = "/localhost_55614"
		Debug.AspNetCompiler.PhysicalPath = "..\template\"
		Debug.AspNetCompiler.TargetPath = "PrecompiledWeb\localhost_55614\"
		Debug.AspNetCompiler.Updateable = "true"
		Debug.AspNetCompiler.ForceOverwrite = "true"
		Debug.AspNetCompiler.FixedNames = "false"
		Debug.AspNetCompiler.Debug = "True"
		Release.AspNetCompiler.VirtualPath = "/localhost_55614"
		Release.AspNetCompiler.PhysicalPath = "..\template\"
		Release.AspNetCompiler.TargetPath = "PrecompiledWeb\localhost_55614\"
		Release.AspNetCompiler.Updateable = "true"
		Release.AspNetCompiler.ForceOverwrite = "true"
		Release.AspNetCompiler.FixedNames = "false"
		Release.AspNetCompiler.Debug = "False"
		VWDPort = "55614"
		SlnRelativePath = "..\template\"
	EndProjectSection
EndProject
Global
	GlobalSection(SolutionConfigurationPlatforms) = preSolution
		Debug|Any CPU = Debug|Any CPU
	EndGlobalSection
	GlobalSection(ProjectConfigurationPlatforms) = postSolution
		{1CE28955-AB47-4191-A055-C99AD5A84744}.Debug|Any CPU.ActiveCfg = Debug|Any CPU
		{1CE28955-AB47-4191-A055-C99AD5A84744}.Debug|Any CPU.Build.0 = Debug|Any CPU
	EndGlobalSection
	GlobalSection(SolutionProperties) = preSolution
		HideSolutionNode = FALSE
	EndGlobalSection
	GlobalSection(ExtensibilityGlobals) = postSolution
		SolutionGuid = {BD5E3A68-93B6-4A28-8A50-4DFED3E1E740}
	EndGlobalSection
EndGlobal
